
Microsoft Visual Studio Solution File, Format Version 12.00
# Visual Studio 15
VisualStudioVersion = 15.0.26730.16
MinimumVisualStudioVersion = 10.0.40219.1
Project("{FAE04EC0-301F-11D3-BF4B-00C04F79EFBC}") = "ShipApplication", "ShipApplication\ShipApplication.csproj", "{36B11BDD-47F9-4F4F-990B-D8573CBAB19B}"
EndProject
Global
	GlobalSection(SolutionConfigurationPlatforms) = preSolution
		Debug|x86 = Debug|x86
		Release|x86 = Release|x86
	EndGlobalSection
	GlobalSection(ProjectConfigurationPlatforms) = postSolution
		{36B11BDD-47F9-4F4F-990B-D8573CBAB19B}.Debug|x86.ActiveCfg = Debug|x86
		{36B11BDD-47F9-4F4F-990B-D8573CBAB19B}.Debug|x86.Build.0 = Debug|x86
		{36B11BDD-47F9-4F4F-990B-D8573CBAB19B}.Release|x86.ActiveCfg = Release|x86
		{36B11BDD-47F9-4F4F-990B-D8573CBAB19B}.Release|x86.Build.0 = Release|x86
	EndGlobalSection
	GlobalSection(SolutionProperties) = preSolution
		HideSolutionNode = FALSE
	EndGlobalSection
	GlobalSection(ExtensibilityGlobals) = postSolution
		SolutionGuid = {4CF62192-FB74-46E7-985E-E4764D3604EF}
	EndGlobalSection
EndGlobal
